
Microsoft Visual Studio Solution File, Format Version 12.00
# Visual Studio Version 17
VisualStudioVersion = 17.9.34616.47
MinimumVisualStudioVersion = 10.0.40219.1
Project("{8BC9CEB8-8B4A-11D0-8D11-00A0C91BC942}") = "OpenSiv3D_0.6.141", "OpenSiv3D_0.6.141.vcxproj", "{69329435-5036-457B-8CDE-54BA30F1774C}"
EndProject
Global
	GlobalSection(SolutionConfigurationPlatforms) = preSolution
		Debug|x64 = Debug|x64
		Release|x64 = Release|x64
	EndGlobalSection
	GlobalSection(ProjectConfigurationPlatforms) = postSolution
		{69329435-5036-457B-8CDE-54BA30F1774C}.Debug|x64.ActiveCfg = Debug|x64
		{69329435-5036-457B-8CDE-54BA30F1774C}.Debug|x64.Build.0 = Debug|x64
		{69329435-5036-457B-8CDE-54BA30F1774C}.Release|x64.ActiveCfg = Release|x64
		{69329435-5036-457B-8CDE-54BA30F1774C}.Release|x64.Build.0 = Release|x64
	EndGlobalSection
	GlobalSection(SolutionProperties) = preSolution
		HideSolutionNode = FALSE
	EndGlobalSection
	GlobalSection(ExtensibilityGlobals) = postSolution
		SolutionGuid = {8E509CD4-0A0B-4775-9D36-8078C0C9DEF6}
	EndGlobalSection
EndGlobal
